
Microsoft Visual Studio Solution File, Format Version 12.00
# Visual Studio 15
VisualStudioVersion = 15.0.28010.2026
MinimumVisualStudioVersion = 10.0.40219.1
Project("{FAE04EC0-301F-11D3-BF4B-00C04F79EFBC}") = "WindowsFormsApp1", "WindowsFormsApp1\WindowsFormsApp1.csproj", "{DA95801B-6B53-4E18-BEAD-61C7E4B518A2}"
EndProject
Project("{FAE04EC0-301F-11D3-BF4B-00C04F79EFBC}") = "ClassLibrary", "ClassLibrary\ClassLibrary.csproj", "{FD2CE99A-F1DB-40D6-9DAD-FA8B2E877BB5}"
EndProject
Project("{FAE04EC0-301F-11D3-BF4B-00C04F79EFBC}") = "HLC_Module", "HLC_Module\HLC_Module.csproj", "{1036EC38-D264-4E63-9C72-5D6977E9C64B}"
EndProject
Global
	GlobalSection(SolutionConfigurationPlatforms) = preSolution
		Debug|Any CPU = Debug|Any CPU
		Release|Any CPU = Release|Any CPU
	EndGlobalSection
	GlobalSection(ProjectConfigurationPlatforms) = postSolution
		{DA95801B-6B53-4E18-BEAD-61C7E4B518A2}.Debug|Any CPU.ActiveCfg = Debug|Any CPU
		{DA95801B-6B53-4E18-BEAD-61C7E4B518A2}.Debug|Any CPU.Build.0 = Debug|Any CPU
		{DA95801B-6B53-4E18-BEAD-61C7E4B518A2}.Release|Any CPU.ActiveCfg = Release|Any CPU
		{DA95801B-6B53-4E18-BEAD-61C7E4B518A2}.Release|Any CPU.Build.0 = Release|Any CPU
		{FD2CE99A-F1DB-40D6-9DAD-FA8B2E877BB5}.Debug|Any CPU.ActiveCfg = Debug|Any CPU
		{FD2CE99A-F1DB-40D6-9DAD-FA8B2E877BB5}.Debug|Any CPU.Build.0 = Debug|Any CPU
		{FD2CE99A-F1DB-40D6-9DAD-FA8B2E877BB5}.Release|Any CPU.ActiveCfg = Release|Any CPU
		{FD2CE99A-F1DB-40D6-9DAD-FA8B2E877BB5}.Release|Any CPU.Build.0 = Release|Any CPU
		{1036EC38-D264-4E63-9C72-5D6977E9C64B}.Debug|Any CPU.ActiveCfg = Debug|Any CPU
		{1036EC38-D264-4E63-9C72-5D6977E9C64B}.Debug|Any CPU.Build.0 = Debug|Any CPU
		{1036EC38-D264-4E63-9C72-5D6977E9C64B}.Release|Any CPU.ActiveCfg = Release|Any CPU
		{1036EC38-D264-4E63-9C72-5D6977E9C64B}.Release|Any CPU.Build.0 = Release|Any CPU
	EndGlobalSection
	GlobalSection(SolutionProperties) = preSolution
		HideSolutionNode = FALSE
	EndGlobalSection
	GlobalSection(ExtensibilityGlobals) = postSolution
		SolutionGuid = {516B4E3E-2E89-4554-90B0-6E30DD35EF16}
	EndGlobalSection
EndGlobal
